<Solution>
  <Project Path="Concesionaria.Application/Concesionaria.Application.csproj" />
  <Project Path="Concesionaria.domain/Concesionaria.domain.csproj" />
  <Project Path="Concesionaria.Infrastructure/Concesionaria.Infrastructure.csproj" />
  <Project Path="Concesionaria.Presentation/Concesionaria.Presentation.csproj" Id="23fc7adf-333f-4730-97e6-fd00a4060f56" />
</Solution>
